// !$*UTF8*$!
{
	archiveVersion = 1;
	classes = {
	};
	objectVersion = 46;
	objects = {

/* Begin PBXBuildFile section */
		C76B9AE1199E87FC005DFEBB /* FAAutoInit.m in Sources */ = {isa = PBXBuildFile; fileRef = C7DF831B199C6B3200BA14B1 /* FAAutoInit.m */; };
		C76B9AE4199E8DB0005DFEBB /* libffi.a in Frameworks */ = {isa = PBXBuildFile; fileRef = C76B9AE3199E8DB0005DFEBB /* libffi.a */; };
		C76B9B0C199E8E8F005DFEBB /* test.m in Sources */ = {isa = PBXBuildFile; fileRef = C7DF832A199C6BAC00BA14B1 /* test.m */; };
		C76B9B0F199E8E9E005DFEBB /* libautoinit.a in Frameworks */ = {isa = PBXBuildFile; fileRef = C76B9AC7199E8798005DFEBB /* libautoinit.a */; };
		C76B9B15199E975A005DFEBB /* ios_test_info.plist in Resources */ = {isa = PBXBuildFile; fileRef = C76B9B14199E975A005DFEBB /* ios_test_info.plist */; };
		C76B9B16199E9789005DFEBB /* FAAutoInit.h in CopyFiles */ = {isa = PBXBuildFile; fileRef = C7FCD875199E560800054AE7 /* FAAutoInit.h */; };
		C76B9B17199E97BB005DFEBB /* FAAutoInit.h in Headers */ = {isa = PBXBuildFile; fileRef = C7FCD875199E560800054AE7 /* FAAutoInit.h */; settings = {ATTRIBUTES = (Public, ); }; };
		C7DF831C199C6B3200BA14B1 /* FAAutoInit.m in Sources */ = {isa = PBXBuildFile; fileRef = C7DF831B199C6B3200BA14B1 /* FAAutoInit.m */; };
		C7DF832B199C6BAC00BA14B1 /* test.m in Sources */ = {isa = PBXBuildFile; fileRef = C7DF832A199C6BAC00BA14B1 /* test.m */; };
		C7DF832E199C6BBB00BA14B1 /* libautoinit.a in Frameworks */ = {isa = PBXBuildFile; fileRef = C7DF8301199C6AF700BA14B1 /* libautoinit.a */; };
		C7DF8330199C6C2200BA14B1 /* libffi.dylib in Frameworks */ = {isa = PBXBuildFile; fileRef = C7DF831D199C6B7300BA14B1 /* libffi.dylib */; };
/* End PBXBuildFile section */

/* Begin PBXContainerItemProxy section */
		C76B9B0D199E8E9A005DFEBB /* PBXContainerItemProxy */ = {
			isa = PBXContainerItemProxy;
			containerPortal = C7DF82F9199C6AF700BA14B1 /* Project object */;
			proxyType = 1;
			remoteGlobalIDString = C76B9AC6199E8798005DFEBB;
			remoteInfo = "iOS Library";
		};
		C7DF832C199C6BB700BA14B1 /* PBXContainerItemProxy */ = {
			isa = PBXContainerItemProxy;
			containerPortal = C7DF82F9199C6AF700BA14B1 /* Project object */;
			proxyType = 1;
			remoteGlobalIDString = C7DF8300199C6AF700BA14B1;
			remoteInfo = auto_initializers;
		};
/* End PBXContainerItemProxy section */

/* Begin PBXCopyFilesBuildPhase section */
		C76B9AC5199E8798005DFEBB /* CopyFiles */ = {
			isa = PBXCopyFilesBuildPhase;
			buildActionMask = 2147483647;
			dstPath = include;
			dstSubfolderSpec = 16;
			files = (
				C76B9B16199E9789005DFEBB /* FAAutoInit.h in CopyFiles */,
			);
			runOnlyForDeploymentPostprocessing = 0;
		};
/* End PBXCopyFilesBuildPhase section */

/* Begin PBXFileReference section */
		C76B9AC7199E8798005DFEBB /* libautoinit.a */ = {isa = PBXFileReference; explicitFileType = archive.ar; includeInIndex = 0; path = libautoinit.a; sourceTree = BUILT_PRODUCTS_DIR; };
		C76B9AE3199E8DB0005DFEBB /* libffi.a */ = {isa = PBXFileReference; lastKnownFileType = archive.ar; name = libffi.a; path = "libffi-ios/lib/libffi.a"; sourceTree = "<group>"; };
		C76B9AE9199E8E49005DFEBB /* ios_test.app */ = {isa = PBXFileReference; explicitFileType = wrapper.application; includeInIndex = 0; path = ios_test.app; sourceTree = BUILT_PRODUCTS_DIR; };
		C76B9B14199E975A005DFEBB /* ios_test_info.plist */ = {isa = PBXFileReference; fileEncoding = 4; lastKnownFileType = text.plist.xml; path = ios_test_info.plist; sourceTree = "<group>"; };
		C7DF8301199C6AF700BA14B1 /* libautoinit.a */ = {isa = PBXFileReference; explicitFileType = archive.ar; includeInIndex = 0; path = libautoinit.a; sourceTree = BUILT_PRODUCTS_DIR; };
		C7DF831B199C6B3200BA14B1 /* FAAutoInit.m */ = {isa = PBXFileReference; fileEncoding = 4; lastKnownFileType = sourcecode.c.objc; path = FAAutoInit.m; sourceTree = "<group>"; };
		C7DF831D199C6B7300BA14B1 /* libffi.dylib */ = {isa = PBXFileReference; lastKnownFileType = "compiled.mach-o.dylib"; name = libffi.dylib; path = usr/lib/libffi.dylib; sourceTree = SDKROOT; };
		C7DF8323199C6B8800BA14B1 /* osx_test */ = {isa = PBXFileReference; explicitFileType = "compiled.mach-o.executable"; includeInIndex = 0; path = osx_test; sourceTree = BUILT_PRODUCTS_DIR; };
		C7DF832A199C6BAC00BA14B1 /* test.m */ = {isa = PBXFileReference; fileEncoding = 4; lastKnownFileType = sourcecode.c.objc; path = test.m; sourceTree = "<group>"; };
		C7FCD875199E560800054AE7 /* FAAutoInit.h */ = {isa = PBXFileReference; lastKnownFileType = sourcecode.c.h; path = FAAutoInit.h; sourceTree = "<group>"; };
/* End PBXFileReference section */

/* Begin PBXFrameworksBuildPhase section */
		C76B9AC4199E8798005DFEBB /* Frameworks */ = {
			isa = PBXFrameworksBuildPhase;
			buildActionMask = 2147483647;
			files = (
				C76B9AE4199E8DB0005DFEBB /* libffi.a in Frameworks */,
			);
			runOnlyForDeploymentPostprocessing = 0;
		};
		C76B9AE6199E8E49005DFEBB /* Frameworks */ = {
			isa = PBXFrameworksBuildPhase;
			buildActionMask = 2147483647;
			files = (
				C76B9B0F199E8E9E005DFEBB /* libautoinit.a in Frameworks */,
			);
			runOnlyForDeploymentPostprocessing = 0;
		};
		C7DF82FE199C6AF700BA14B1 /* Frameworks */ = {
			isa = PBXFrameworksBuildPhase;
			buildActionMask = 2147483647;
			files = (
			);
			runOnlyForDeploymentPostprocessing = 0;
		};
		C7DF8320199C6B8800BA14B1 /* Frameworks */ = {
			isa = PBXFrameworksBuildPhase;
			buildActionMask = 2147483647;
			files = (
				C7DF8330199C6C2200BA14B1 /* libffi.dylib in Frameworks */,
				C7DF832E199C6BBB00BA14B1 /* libautoinit.a in Frameworks */,
			);
			runOnlyForDeploymentPostprocessing = 0;
		};
/* End PBXFrameworksBuildPhase section */

/* Begin PBXGroup section */
		C76B9B18199E9806005DFEBB /* Frameworks & Libraries */ = {
			isa = PBXGroup;
			children = (
				C76B9AE3199E8DB0005DFEBB /* libffi.a */,
				C7DF831D199C6B7300BA14B1 /* libffi.dylib */,
			);
			name = "Frameworks & Libraries";
			sourceTree = "<group>";
		};
		C76B9B19199E981A005DFEBB /* Supporting Files */ = {
			isa = PBXGroup;
			children = (
				C76B9B14199E975A005DFEBB /* ios_test_info.plist */,
			);
			name = "Supporting Files";
			sourceTree = "<group>";
		};
		C7DF82F8199C6AF700BA14B1 = {
			isa = PBXGroup;
			children = (
				C7FCD875199E560800054AE7 /* FAAutoInit.h */,
				C7DF831B199C6B3200BA14B1 /* FAAutoInit.m */,
				C7DF832A199C6BAC00BA14B1 /* test.m */,
				C76B9B19199E981A005DFEBB /* Supporting Files */,
				C76B9B18199E9806005DFEBB /* Frameworks & Libraries */,
				C7DF8302199C6AF700BA14B1 /* Products */,
			);
			sourceTree = "<group>";
		};
		C7DF8302199C6AF700BA14B1 /* Products */ = {
			isa = PBXGroup;
			children = (
				C7DF8301199C6AF700BA14B1 /* libautoinit.a */,
				C7DF8323199C6B8800BA14B1 /* osx_test */,
				C76B9AC7199E8798005DFEBB /* libautoinit.a */,
				C76B9AE9199E8E49005DFEBB /* ios_test.app */,
			);
			name = Products;
			sourceTree = "<group>";
		};
/* End PBXGroup section */

/* Begin PBXHeadersBuildPhase section */
		C7DF82FF199C6AF700BA14B1 /* Headers */ = {
			isa = PBXHeadersBuildPhase;
			buildActionMask = 2147483647;
			files = (
				C76B9B17199E97BB005DFEBB /* FAAutoInit.h in Headers */,
			);
			runOnlyForDeploymentPostprocessing = 0;
		};
/* End PBXHeadersBuildPhase section */

/* Begin PBXNativeTarget section */
		C76B9AC6199E8798005DFEBB /* iOS Library */ = {
			isa = PBXNativeTarget;
			buildConfigurationList = C76B9AD8199E8798005DFEBB /* Build configuration list for PBXNativeTarget "iOS Library" */;
			buildPhases = (
				C76B9AC3199E8798005DFEBB /* Sources */,
				C76B9AC4199E8798005DFEBB /* Frameworks */,
				C76B9AC5199E8798005DFEBB /* CopyFiles */,
			);
			buildRules = (
			);
			dependencies = (
			);
			name = "iOS Library";
			productName = "iOS Library";
			productReference = C76B9AC7199E8798005DFEBB /* libautoinit.a */;
			productType = "com.apple.product-type.library.static";
		};
		C76B9AE8199E8E49005DFEBB /* ios_test */ = {
			isa = PBXNativeTarget;
			buildConfigurationList = C76B9B06199E8E49005DFEBB /* Build configuration list for PBXNativeTarget "ios_test" */;
			buildPhases = (
				C76B9AE5199E8E49005DFEBB /* Sources */,
				C76B9AE6199E8E49005DFEBB /* Frameworks */,
				C76B9AE7199E8E49005DFEBB /* Resources */,
			);
			buildRules = (
			);
			dependencies = (
				C76B9B0E199E8E9A005DFEBB /* PBXTargetDependency */,
			);
			name = ios_test;
			productName = ios_test;
			productReference = C76B9AE9199E8E49005DFEBB /* ios_test.app */;
			productType = "com.apple.product-type.application";
		};
		C7DF8300199C6AF700BA14B1 /* Mac Library */ = {
			isa = PBXNativeTarget;
			buildConfigurationList = C7DF8315199C6AF700BA14B1 /* Build configuration list for PBXNativeTarget "Mac Library" */;
			buildPhases = (
				C7DF82FD199C6AF700BA14B1 /* Sources */,
				C7DF82FE199C6AF700BA14B1 /* Frameworks */,
				C7DF82FF199C6AF700BA14B1 /* Headers */,
			);
			buildRules = (
			);
			dependencies = (
			);
			name = "Mac Library";
			productName = auto_initializers;
			productReference = C7DF8301199C6AF700BA14B1 /* libautoinit.a */;
			productType = "com.apple.product-type.library.static";
		};
		C7DF8322199C6B8800BA14B1 /* osx_test */ = {
			isa = PBXNativeTarget;
			buildConfigurationList = C7DF8327199C6B8800BA14B1 /* Build configuration list for PBXNativeTarget "osx_test" */;
			buildPhases = (
				C7DF831F199C6B8800BA14B1 /* Sources */,
				C7DF8320199C6B8800BA14B1 /* Frameworks */,
			);
			buildRules = (
			);
			dependencies = (
				C7DF832D199C6BB700BA14B1 /* PBXTargetDependency */,
			);
			name = osx_test;
			productName = osx_test;
			productReference = C7DF8323199C6B8800BA14B1 /* osx_test */;
			productType = "com.apple.product-type.tool";
		};
/* End PBXNativeTarget section */

/* Begin PBXProject section */
		C7DF82F9199C6AF700BA14B1 /* Project object */ = {
			isa = PBXProject;
			attributes = {
				LastUpgradeCheck = 0600;
				ORGANIZATIONNAME = "Fjölnir Ásgeirsson";
				TargetAttributes = {
					C76B9AC6199E8798005DFEBB = {
						CreatedOnToolsVersion = 6.0;
					};
					C76B9AE8199E8E49005DFEBB = {
						CreatedOnToolsVersion = 6.0;
					};
					C7DF8300199C6AF700BA14B1 = {
						CreatedOnToolsVersion = 6.0;
					};
					C7DF8322199C6B8800BA14B1 = {
						CreatedOnToolsVersion = 6.0;
					};
				};
			};
			buildConfigurationList = C7DF82FC199C6AF700BA14B1 /* Build configuration list for PBXProject "auto_initializers" */;
			compatibilityVersion = "Xcode 3.2";
			developmentRegion = English;
			hasScannedForEncodings = 0;
			knownRegions = (
				en,
				Base,
			);
			mainGroup = C7DF82F8199C6AF700BA14B1;
			productRefGroup = C7DF8302199C6AF700BA14B1 /* Products */;
			projectDirPath = "";
			projectRoot = "";
			targets = (
				C7DF8300199C6AF700BA14B1 /* Mac Library */,
				C76B9AC6199E8798005DFEBB /* iOS Library */,
				C7DF8322199C6B8800BA14B1 /* osx_test */,
				C76B9AE8199E8E49005DFEBB /* ios_test */,
			);
		};
/* End PBXProject section */

/* Begin PBXResourcesBuildPhase section */
		C76B9AE7199E8E49005DFEBB /* Resources */ = {
			isa = PBXResourcesBuildPhase;
			buildActionMask = 2147483647;
			files = (
				C76B9B15199E975A005DFEBB /* ios_test_info.plist in Resources */,
			);
			runOnlyForDeploymentPostprocessing = 0;
		};
/* End PBXResourcesBuildPhase section */

/* Begin PBXSourcesBuildPhase section */
		C76B9AC3199E8798005DFEBB /* Sources */ = {
			isa = PBXSourcesBuildPhase;
			buildActionMask = 2147483647;
			files = (
				C76B9AE1199E87FC005DFEBB /* FAAutoInit.m in Sources */,
			);
			runOnlyForDeploymentPostprocessing = 0;
		};
		C76B9AE5199E8E49005DFEBB /* Sources */ = {
			isa = PBXSourcesBuildPhase;
			buildActionMask = 2147483647;
			files = (
				C76B9B0C199E8E8F005DFEBB /* test.m in Sources */,
			);
			runOnlyForDeploymentPostprocessing = 0;
		};
		C7DF82FD199C6AF700BA14B1 /* Sources */ = {
			isa = PBXSourcesBuildPhase;
			buildActionMask = 2147483647;
			files = (
				C7DF831C199C6B3200BA14B1 /* FAAutoInit.m in Sources */,
			);
			runOnlyForDeploymentPostprocessing = 0;
		};
		C7DF831F199C6B8800BA14B1 /* Sources */ = {
			isa = PBXSourcesBuildPhase;
			buildActionMask = 2147483647;
			files = (
				C7DF832B199C6BAC00BA14B1 /* test.m in Sources */,
			);
			runOnlyForDeploymentPostprocessing = 0;
		};
/* End PBXSourcesBuildPhase section */

/* Begin PBXTargetDependency section */
		C76B9B0E199E8E9A005DFEBB /* PBXTargetDependency */ = {
			isa = PBXTargetDependency;
			target = C76B9AC6199E8798005DFEBB /* iOS Library */;
			targetProxy = C76B9B0D199E8E9A005DFEBB /* PBXContainerItemProxy */;
		};
		C7DF832D199C6BB700BA14B1 /* PBXTargetDependency */ = {
			isa = PBXTargetDependency;
			target = C7DF8300199C6AF700BA14B1 /* Mac Library */;
			targetProxy = C7DF832C199C6BB700BA14B1 /* PBXContainerItemProxy */;
		};
/* End PBXTargetDependency section */

/* Begin XCBuildConfiguration section */
		C76B9AD9199E8798005DFEBB /* Debug */ = {
			isa = XCBuildConfiguration;
			buildSettings = {
				GCC_PREPROCESSOR_DEFINITIONS = (
					"DEBUG=1",
					"$(inherited)",
				);
				HEADER_SEARCH_PATHS = (
					"$(inherited)",
					"/Applications/Xcode6-Beta.app/Contents/Developer/Toolchains/XcodeDefault.xctoolchain/usr/include",
					"libffi-ios/include",
				);
				IPHONEOS_DEPLOYMENT_TARGET = 8.0;
				LIBRARY_SEARCH_PATHS = (
					"$(inherited)",
					"$(PROJECT_DIR)/libffi-ios/lib",
				);
				OTHER_LDFLAGS = "-ObjC";
				PRODUCT_NAME = autoinit;
				SDKROOT = iphoneos;
				SKIP_INSTALL = YES;
			};
			name = Debug;
		};
		C76B9ADA199E8798005DFEBB /* Release */ = {
			isa = XCBuildConfiguration;
			buildSettings = {
				HEADER_SEARCH_PATHS = (
					"$(inherited)",
					"/Applications/Xcode6-Beta.app/Contents/Developer/Toolchains/XcodeDefault.xctoolchain/usr/include",
					"libffi-ios/include",
				);
				IPHONEOS_DEPLOYMENT_TARGET = 8.0;
				LIBRARY_SEARCH_PATHS = (
					"$(inherited)",
					"$(PROJECT_DIR)/libffi-ios/lib",
				);
				OTHER_LDFLAGS = "-ObjC";
				PRODUCT_NAME = autoinit;
				SDKROOT = iphoneos;
				SKIP_INSTALL = YES;
				VALIDATE_PRODUCT = YES;
			};
			name = Release;
		};
		C76B9B07199E8E49005DFEBB /* Debug */ = {
			isa = XCBuildConfiguration;
			buildSettings = {
				ASSETCATALOG_COMPILER_APPICON_NAME = AppIcon;
				ASSETCATALOG_COMPILER_LAUNCHIMAGE_NAME = LaunchImage;
				"CODE_SIGN_IDENTITY[sdk=iphoneos*]" = "iPhone Developer";
				GCC_PREPROCESSOR_DEFINITIONS = (
					"DEBUG=1",
					"$(inherited)",
				);
				INFOPLIST_FILE = ios_test_info.plist;
				IPHONEOS_DEPLOYMENT_TARGET = 7.1;
				LD_RUNPATH_SEARCH_PATHS = "$(inherited) @executable_path/Frameworks";
				OTHER_LDFLAGS = "-ObjC";
				PRODUCT_NAME = "$(TARGET_NAME)";
				SDKROOT = iphoneos;
				TARGETED_DEVICE_FAMILY = "1,2";
			};
			name = Debug;
		};
		C76B9B08199E8E49005DFEBB /* Release */ = {
			isa = XCBuildConfiguration;
			buildSettings = {
				ASSETCATALOG_COMPILER_APPICON_NAME = AppIcon;
				ASSETCATALOG_COMPILER_LAUNCHIMAGE_NAME = LaunchImage;
				"CODE_SIGN_IDENTITY[sdk=iphoneos*]" = "iPhone Developer";
				INFOPLIST_FILE = ios_test_info.plist;
				IPHONEOS_DEPLOYMENT_TARGET = 7.1;
				LD_RUNPATH_SEARCH_PATHS = "$(inherited) @executable_path/Frameworks";
				OTHER_LDFLAGS = "-ObjC";
				PRODUCT_NAME = "$(TARGET_NAME)";
				SDKROOT = iphoneos;
				TARGETED_DEVICE_FAMILY = "1,2";
				VALIDATE_PRODUCT = YES;
			};
			name = Release;
		};
		C7DF8313199C6AF700BA14B1 /* Debug */ = {
			isa = XCBuildConfiguration;
			buildSettings = {
				ALWAYS_SEARCH_USER_PATHS = NO;
				CLANG_CXX_LANGUAGE_STANDARD = "gnu++0x";
				CLANG_CXX_LIBRARY = "libc++";
				CLANG_ENABLE_MODULES = YES;
				CLANG_ENABLE_OBJC_ARC = YES;
				CLANG_WARN_BOOL_CONVERSION = YES;
				CLANG_WARN_CONSTANT_CONVERSION = YES;
				CLANG_WARN_DIRECT_OBJC_ISA_USAGE = YES_ERROR;
				CLANG_WARN_EMPTY_BODY = YES;
				CLANG_WARN_ENUM_CONVERSION = YES;
				CLANG_WARN_INT_CONVERSION = YES;
				CLANG_WARN_OBJC_ROOT_CLASS = YES_ERROR;
				CLANG_WARN_UNREACHABLE_CODE = YES;
				CLANG_WARN__DUPLICATE_METHOD_MATCH = YES;
				COPY_PHASE_STRIP = NO;
				ENABLE_STRICT_OBJC_MSGSEND = YES;
				GCC_C_LANGUAGE_STANDARD = gnu99;
				GCC_DYNAMIC_NO_PIC = NO;
				GCC_OPTIMIZATION_LEVEL = 0;
				GCC_PREPROCESSOR_DEFINITIONS = (
					"DEBUG=1",
					"$(inherited)",
				);
				GCC_SYMBOLS_PRIVATE_EXTERN = NO;
				GCC_WARN_64_TO_32_BIT_CONVERSION = YES;
				GCC_WARN_ABOUT_RETURN_TYPE = YES_ERROR;
				GCC_WARN_UNDECLARED_SELECTOR = YES;
				GCC_WARN_UNINITIALIZED_AUTOS = YES_AGGRESSIVE;
				GCC_WARN_UNUSED_FUNCTION = YES;
				GCC_WARN_UNUSED_VARIABLE = YES;
				MACOSX_DEPLOYMENT_TARGET = 10.10;
				MTL_ENABLE_DEBUG_INFO = YES;
				ONLY_ACTIVE_ARCH = YES;
				SDKROOT = macosx;
			};
			name = Debug;
		};
		C7DF8314199C6AF700BA14B1 /* Release */ = {
			isa = XCBuildConfiguration;
			buildSettings = {
				ALWAYS_SEARCH_USER_PATHS = NO;
				CLANG_CXX_LANGUAGE_STANDARD = "gnu++0x";
				CLANG_CXX_LIBRARY = "libc++";
				CLANG_ENABLE_MODULES = YES;
				CLANG_ENABLE_OBJC_ARC = YES;
				CLANG_WARN_BOOL_CONVERSION = YES;
				CLANG_WARN_CONSTANT_CONVERSION = YES;
				CLANG_WARN_DIRECT_OBJC_ISA_USAGE = YES_ERROR;
				CLANG_WARN_EMPTY_BODY = YES;
				CLANG_WARN_ENUM_CONVERSION = YES;
				CLANG_WARN_INT_CONVERSION = YES;
				CLANG_WARN_OBJC_ROOT_CLASS = YES_ERROR;
				CLANG_WARN_UNREACHABLE_CODE = YES;
				CLANG_WARN__DUPLICATE_METHOD_MATCH = YES;
				COPY_PHASE_STRIP = YES;
				DEBUG_INFORMATION_FORMAT = "dwarf-with-dsym";
				ENABLE_NS_ASSERTIONS = NO;
				ENABLE_STRICT_OBJC_MSGSEND = YES;
				GCC_C_LANGUAGE_STANDARD = gnu99;
				GCC_WARN_64_TO_32_BIT_CONVERSION = YES;
				GCC_WARN_ABOUT_RETURN_TYPE = YES_ERROR;
				GCC_WARN_UNDECLARED_SELECTOR = YES;
				GCC_WARN_UNINITIALIZED_AUTOS = YES_AGGRESSIVE;
				GCC_WARN_UNUSED_FUNCTION = YES;
				GCC_WARN_UNUSED_VARIABLE = YES;
				MACOSX_DEPLOYMENT_TARGET = 10.10;
				MTL_ENABLE_DEBUG_INFO = NO;
				SDKROOT = macosx;
			};
			name = Release;
		};
		C7DF8316199C6AF700BA14B1 /* Debug */ = {
			isa = XCBuildConfiguration;
			buildSettings = {
				EXECUTABLE_PREFIX = lib;
				PRODUCT_NAME = autoinit;
			};
			name = Debug;
		};
		C7DF8317199C6AF700BA14B1 /* Release */ = {
			isa = XCBuildConfiguration;
			buildSettings = {
				EXECUTABLE_PREFIX = lib;
				PRODUCT_NAME = autoinit;
			};
			name = Release;
		};
		C7DF8328199C6B8800BA14B1 /* Debug */ = {
			isa = XCBuildConfiguration;
			buildSettings = {
				GCC_PREPROCESSOR_DEFINITIONS = (
					"DEBUG=1",
					"$(inherited)",
				);
				OTHER_LDFLAGS = "-ObjC";
				PRODUCT_NAME = "$(TARGET_NAME)";
			};
			name = Debug;
		};
		C7DF8329199C6B8800BA14B1 /* Release */ = {
			isa = XCBuildConfiguration;
			buildSettings = {
				OTHER_LDFLAGS = "-ObjC";
				PRODUCT_NAME = "$(TARGET_NAME)";
			};
			name = Release;
		};
/* End XCBuildConfiguration section */

/* Begin XCConfigurationList section */
		C76B9AD8199E8798005DFEBB /* Build configuration list for PBXNativeTarget "iOS Library" */ = {
			isa = XCConfigurationList;
			buildConfigurations = (
				C76B9AD9199E8798005DFEBB /* Debug */,
				C76B9ADA199E8798005DFEBB /* Release */,
			);
			defaultConfigurationIsVisible = 0;
			defaultConfigurationName = Release;
		};
		C76B9B06199E8E49005DFEBB /* Build configuration list for PBXNativeTarget "ios_test" */ = {
			isa = XCConfigurationList;
			buildConfigurations = (
				C76B9B07199E8E49005DFEBB /* Debug */,
				C76B9B08199E8E49005DFEBB /* Release */,
			);
			defaultConfigurationIsVisible = 0;
		};
		C7DF82FC199C6AF700BA14B1 /* Build configuration list for PBXProject "auto_initializers" */ = {
			isa = XCConfigurationList;
			buildConfigurations = (
				C7DF8313199C6AF700BA14B1 /* Debug */,
				C7DF8314199C6AF700BA14B1 /* Release */,
			);
			defaultConfigurationIsVisible = 0;
			defaultConfigurationName = Release;
		};
		C7DF8315199C6AF700BA14B1 /* Build configuration list for PBXNativeTarget "Mac Library" */ = {
			isa = XCConfigurationList;
			buildConfigurations = (
				C7DF8316199C6AF700BA14B1 /* Debug */,
				C7DF8317199C6AF700BA14B1 /* Release */,
			);
			defaultConfigurationIsVisible = 0;
			defaultConfigurationName = Release;
		};
		C7DF8327199C6B8800BA14B1 /* Build configuration list for PBXNativeTarget "osx_test" */ = {
			isa = XCConfigurationList;
			buildConfigurations = (
				C7DF8328199C6B8800BA14B1 /* Debug */,
				C7DF8329199C6B8800BA14B1 /* Release */,
			);
			defaultConfigurationIsVisible = 0;
			defaultConfigurationName = Release;
		};
/* End XCConfigurationList section */
	};
	rootObject = C7DF82F9199C6AF700BA14B1 /* Project object */;
}
